// !$*UTF8*$!
{
	archiveVersion = 1;
	classes = {
	};
	objectVersion = 46;
	objects = {

/* Begin PBXBuildFile section */
		4399CA4D191B369B006491B6 /* Foundation.framework in Frameworks */ = {isa = PBXBuildFile; fileRef = 4399CA4C191B369B006491B6 /* Foundation.framework */; };
		4399CA4F191B369B006491B6 /* CoreGraphics.framework in Frameworks */ = {isa = PBXBuildFile; fileRef = 4399CA4E191B369B006491B6 /* CoreGraphics.framework */; };
		4399CA51191B369B006491B6 /* UIKit.framework in Frameworks */ = {isa = PBXBuildFile; fileRef = 4399CA50191B369B006491B6 /* UIKit.framework */; };
		4399CA57191B369B006491B6 /* InfoPlist.strings in Resources */ = {isa = PBXBuildFile; fileRef = 4399CA55191B369B006491B6 /* InfoPlist.strings */; };
		4399CA59191B369B006491B6 /* main.m in Sources */ = {isa = PBXBuildFile; fileRef = 4399CA58191B369B006491B6 /* main.m */; };
		4399CA5D191B369B006491B6 /* HMRAppDelegate.m in Sources */ = {isa = PBXBuildFile; fileRef = 4399CA5C191B369B006491B6 /* HMRAppDelegate.m */; };
		4399CA60191B369B006491B6 /* Main.storyboard in Resources */ = {isa = PBXBuildFile; fileRef = 4399CA5E191B369B006491B6 /* Main.storyboard */; };
		4399CA63191B369B006491B6 /* HMRViewController.m in Sources */ = {isa = PBXBuildFile; fileRef = 4399CA62191B369B006491B6 /* HMRViewController.m */; };
		4399CA65191B369B006491B6 /* Images.xcassets in Resources */ = {isa = PBXBuildFile; fileRef = 4399CA64191B369B006491B6 /* Images.xcassets */; };
		4399CA6C191B369B006491B6 /* XCTest.framework in Frameworks */ = {isa = PBXBuildFile; fileRef = 4399CA6B191B369B006491B6 /* XCTest.framework */; };
		4399CA6D191B369B006491B6 /* Foundation.framework in Frameworks */ = {isa = PBXBuildFile; fileRef = 4399CA4C191B369B006491B6 /* Foundation.framework */; };
		4399CA6E191B369B006491B6 /* UIKit.framework in Frameworks */ = {isa = PBXBuildFile; fileRef = 4399CA50191B369B006491B6 /* UIKit.framework */; };
		4399CA76191B369B006491B6 /* InfoPlist.strings in Resources */ = {isa = PBXBuildFile; fileRef = 4399CA74191B369B006491B6 /* InfoPlist.strings */; };
		4399CA78191B369B006491B6 /* UITableViewController_ChallengeTests.m in Sources */ = {isa = PBXBuildFile; fileRef = 4399CA77191B369B006491B6 /* UITableViewController_ChallengeTests.m */; };
/* End PBXBuildFile section */

/* Begin PBXContainerItemProxy section */
		4399CA6F191B369B006491B6 /* PBXContainerItemProxy */ = {
			isa = PBXContainerItemProxy;
			containerPortal = 4399CA41191B369B006491B6 /* Project object */;
			proxyType = 1;
			remoteGlobalIDString = 4399CA48191B369B006491B6;
			remoteInfo = "UITableViewController Challenge";
		};
/* End PBXContainerItemProxy section */

/* Begin PBXFileReference section */
		4399CA49191B369B006491B6 /* UITableViewController Challenge.app */ = {isa = PBXFileReference; explicitFileType = wrapper.application; includeInIndex = 0; path = "UITableViewController Challenge.app"; sourceTree = BUILT_PRODUCTS_DIR; };
		4399CA4C191B369B006491B6 /* Foundation.framework */ = {isa = PBXFileReference; lastKnownFileType = wrapper.framework; name = Foundation.framework; path = System/Library/Frameworks/Foundation.framework; sourceTree = SDKROOT; };
		4399CA4E191B369B006491B6 /* CoreGraphics.framework */ = {isa = PBXFileReference; lastKnownFileType = wrapper.framework; name = CoreGraphics.framework; path = System/Library/Frameworks/CoreGraphics.framework; sourceTree = SDKROOT; };
		4399CA50191B369B006491B6 /* UIKit.framework */ = {isa = PBXFileReference; lastKnownFileType = wrapper.framework; name = UIKit.framework; path = System/Library/Frameworks/UIKit.framework; sourceTree = SDKROOT; };
		4399CA54191B369B006491B6 /* UITableViewController Challenge-Info.plist */ = {isa = PBXFileReference; lastKnownFileType = text.plist.xml; path = "UITableViewController Challenge-Info.plist"; sourceTree = "<group>"; };
		4399CA56191B369B006491B6 /* en */ = {isa = PBXFileReference; lastKnownFileType = text.plist.strings; name = en; path = en.lproj/InfoPlist.strings; sourceTree = "<group>"; };
		4399CA58191B369B006491B6 /* main.m */ = {isa = PBXFileReference; lastKnownFileType = sourcecode.c.objc; path = main.m; sourceTree = "<group>"; };
		4399CA5A191B369B006491B6 /* UITableViewController Challenge-Prefix.pch */ = {isa = PBXFileReference; lastKnownFileType = sourcecode.c.h; path = "UITableViewController Challenge-Prefix.pch"; sourceTree = "<group>"; };
		4399CA5B191B369B006491B6 /* HMRAppDelegate.h */ = {isa = PBXFileReference; lastKnownFileType = sourcecode.c.h; path = HMRAppDelegate.h; sourceTree = "<group>"; };
		4399CA5C191B369B006491B6 /* HMRAppDelegate.m */ = {isa = PBXFileReference; lastKnownFileType = sourcecode.c.objc; path = HMRAppDelegate.m; sourceTree = "<group>"; };
		4399CA5F191B369B006491B6 /* Base */ = {isa = PBXFileReference; lastKnownFileType = file.storyboard; name = Base; path = Base.lproj/Main.storyboard; sourceTree = "<group>"; };
		4399CA61191B369B006491B6 /* HMRViewController.h */ = {isa = PBXFileReference; lastKnownFileType = sourcecode.c.h; path = HMRViewController.h; sourceTree = "<group>"; };
		4399CA62191B369B006491B6 /* HMRViewController.m */ = {isa = PBXFileReference; lastKnownFileType = sourcecode.c.objc; path = HMRViewController.m; sourceTree = "<group>"; };
		4399CA64191B369B006491B6 /* Images.xcassets */ = {isa = PBXFileReference; lastKnownFileType = folder.assetcatalog; path = Images.xcassets; sourceTree = "<group>"; };
		4399CA6A191B369B006491B6 /* UITableViewController ChallengeTests.xctest */ = {isa = PBXFileReference; explicitFileType = wrapper.cfbundle; includeInIndex = 0; path = "UITableViewController ChallengeTests.xctest"; sourceTree = BUILT_PRODUCTS_DIR; };
		4399CA6B191B369B006491B6 /* XCTest.framework */ = {isa = PBXFileReference; lastKnownFileType = wrapper.framework; name = XCTest.framework; path = Library/Frameworks/XCTest.framework; sourceTree = DEVELOPER_DIR; };
		4399CA73191B369B006491B6 /* UITableViewController ChallengeTests-Info.plist */ = {isa = PBXFileReference; lastKnownFileType = text.plist.xml; path = "UITableViewController ChallengeTests-Info.plist"; sourceTree = "<group>"; };
		4399CA75191B369B006491B6 /* en */ = {isa = PBXFileReference; lastKnownFileType = text.plist.strings; name = en; path = en.lproj/InfoPlist.strings; sourceTree = "<group>"; };
		4399CA77191B369B006491B6 /* UITableViewController_ChallengeTests.m */ = {isa = PBXFileReference; lastKnownFileType = sourcecode.c.objc; path = UITableViewController_ChallengeTests.m; sourceTree = "<group>"; };
/* End PBXFileReference section */

/* Begin PBXFrameworksBuildPhase section */
		4399CA46191B369B006491B6 /* Frameworks */ = {
			isa = PBXFrameworksBuildPhase;
			buildActionMask = 2147483647;
			files = (
				4399CA4F191B369B006491B6 /* CoreGraphics.framework in Frameworks */,
				4399CA51191B369B006491B6 /* UIKit.framework in Frameworks */,
				4399CA4D191B369B006491B6 /* Foundation.framework in Frameworks */,
			);
			runOnlyForDeploymentPostprocessing = 0;
		};
		4399CA67191B369B006491B6 /* Frameworks */ = {
			isa = PBXFrameworksBuildPhase;
			buildActionMask = 2147483647;
			files = (
				4399CA6C191B369B006491B6 /* XCTest.framework in Frameworks */,
				4399CA6E191B369B006491B6 /* UIKit.framework in Frameworks */,
				4399CA6D191B369B006491B6 /* Foundation.framework in Frameworks */,
			);
			runOnlyForDeploymentPostprocessing = 0;
		};
/* End PBXFrameworksBuildPhase section */

/* Begin PBXGroup section */
		4399CA40191B369B006491B6 = {
			isa = PBXGroup;
			children = (
				4399CA52191B369B006491B6 /* UITableViewController Challenge */,
				4399CA71191B369B006491B6 /* UITableViewController ChallengeTests */,
				4399CA4B191B369B006491B6 /* Frameworks */,
				4399CA4A191B369B006491B6 /* Products */,
			);
			sourceTree = "<group>";
		};
		4399CA4A191B369B006491B6 /* Products */ = {
			isa = PBXGroup;
			children = (
				4399CA49191B369B006491B6 /* UITableViewController Challenge.app */,
				4399CA6A191B369B006491B6 /* UITableViewController ChallengeTests.xctest */,
			);
			name = Products;
			sourceTree = "<group>";
		};
		4399CA4B191B369B006491B6 /* Frameworks */ = {
			isa = PBXGroup;
			children = (
				4399CA4C191B369B006491B6 /* Foundation.framework */,
				4399CA4E191B369B006491B6 /* CoreGraphics.framework */,
				4399CA50191B369B006491B6 /* UIKit.framework */,
				4399CA6B191B369B006491B6 /* XCTest.framework */,
			);
			name = Frameworks;
			sourceTree = "<group>";
		};
		4399CA52191B369B006491B6 /* UITableViewController Challenge */ = {
			isa = PBXGroup;
			children = (
				4399CA5B191B369B006491B6 /* HMRAppDelegate.h */,
				4399CA5C191B369B006491B6 /* HMRAppDelegate.m */,
				4399CA5E191B369B006491B6 /* Main.storyboard */,
				4399CA61191B369B006491B6 /* HMRViewController.h */,
				4399CA62191B369B006491B6 /* HMRViewController.m */,
				4399CA64191B369B006491B6 /* Images.xcassets */,
				4399CA53191B369B006491B6 /* Supporting Files */,
			);
			path = "UITableViewController Challenge";
			sourceTree = "<group>";
		};
		4399CA53191B369B006491B6 /* Supporting Files */ = {
			isa = PBXGroup;
			children = (
				4399CA54191B369B006491B6 /* UITableViewController Challenge-Info.plist */,
				4399CA55191B369B006491B6 /* InfoPlist.strings */,
				4399CA58191B369B006491B6 /* main.m */,
				4399CA5A191B369B006491B6 /* UITableViewController Challenge-Prefix.pch */,
			);
			name = "Supporting Files";
			sourceTree = "<group>";
		};
		4399CA71191B369B006491B6 /* UITableViewController ChallengeTests */ = {
			isa = PBXGroup;
			children = (
				4399CA77191B369B006491B6 /* UITableViewController_ChallengeTests.m */,
				4399CA72191B369B006491B6 /* Supporting Files */,
			);
			path = "UITableViewController ChallengeTests";
			sourceTree = "<group>";
		};
		4399CA72191B369B006491B6 /* Supporting Files */ = {
			isa = PBXGroup;
			children = (
				4399CA73191B369B006491B6 /* UITableViewController ChallengeTests-Info.plist */,
				4399CA74191B369B006491B6 /* InfoPlist.strings */,
			);
			name = "Supporting Files";
			sourceTree = "<group>";
		};
/* End PBXGroup section */

/* Begin PBXNativeTarget section */
		4399CA48191B369B006491B6 /* UITableViewController Challenge */ = {
			isa = PBXNativeTarget;
			buildConfigurationList = 4399CA7B191B369B006491B6 /* Build configuration list for PBXNativeTarget "UITableViewController Challenge" */;
			buildPhases = (
				4399CA45191B369B006491B6 /* Sources */,
				4399CA46191B369B006491B6 /* Frameworks */,
				4399CA47191B369B006491B6 /* Resources */,
			);
			buildRules = (
			);
			dependencies = (
			);
			name = "UITableViewController Challenge";
			productName = "UITableViewController Challenge";
			productReference = 4399CA49191B369B006491B6 /* UITableViewController Challenge.app */;
			productType = "com.apple.product-type.application";
		};
		4399CA69191B369B006491B6 /* UITableViewController ChallengeTests */ = {
			isa = PBXNativeTarget;
			buildConfigurationList = 4399CA7E191B369B006491B6 /* Build configuration list for PBXNativeTarget "UITableViewController ChallengeTests" */;
			buildPhases = (
				4399CA66191B369B006491B6 /* Sources */,
				4399CA67191B369B006491B6 /* Frameworks */,
				4399CA68191B369B006491B6 /* Resources */,
			);
			buildRules = (
			);
			dependencies = (
				4399CA70191B369B006491B6 /* PBXTargetDependency */,
			);
			name = "UITableViewController ChallengeTests";
			productName = "UITableViewController ChallengeTests";
			productReference = 4399CA6A191B369B006491B6 /* UITableViewController ChallengeTests.xctest */;
			productType = "com.apple.product-type.bundle.unit-test";
		};
/* End PBXNativeTarget section */

/* Begin PBXProject section */
		4399CA41191B369B006491B6 /* Project object */ = {
			isa = PBXProject;
			attributes = {
				CLASSPREFIX = HMR;
				LastUpgradeCheck = 0510;
				ORGANIZATIONNAME = "Hafiz M. Rozlan";
				TargetAttributes = {
					4399CA69191B369B006491B6 = {
						TestTargetID = 4399CA48191B369B006491B6;
					};
				};
			};
			buildConfigurationList = 4399CA44191B369B006491B6 /* Build configuration list for PBXProject "UITableViewController Challenge" */;
			compatibilityVersion = "Xcode 3.2";
			developmentRegion = English;
			hasScannedForEncodings = 0;
			knownRegions = (
				en,
				Base,
			);
			mainGroup = 4399CA40191B369B006491B6;
			productRefGroup = 4399CA4A191B369B006491B6 /* Products */;
			projectDirPath = "";
			projectRoot = "";
			targets = (
				4399CA48191B369B006491B6 /* UITableViewController Challenge */,
				4399CA69191B369B006491B6 /* UITableViewController ChallengeTests */,
			);
		};
/* End PBXProject section */

/* Begin PBXResourcesBuildPhase section */
		4399CA47191B369B006491B6 /* Resources */ = {
			isa = PBXResourcesBuildPhase;
			buildActionMask = 2147483647;
			files = (
				4399CA65191B369B006491B6 /* Images.xcassets in Resources */,
				4399CA57191B369B006491B6 /* InfoPlist.strings in Resources */,
				4399CA60191B369B006491B6 /* Main.storyboard in Resources */,
			);
			runOnlyForDeploymentPostprocessing = 0;
		};
		4399CA68191B369B006491B6 /* Resources */ = {
			isa = PBXResourcesBuildPhase;
			buildActionMask = 2147483647;
			files = (
				4399CA76191B369B006491B6 /* InfoPlist.strings in Resources */,
			);
			runOnlyForDeploymentPostprocessing = 0;
		};
/* End PBXResourcesBuildPhase section */

/* Begin PBXSourcesBuildPhase section */
		4399CA45191B369B006491B6 /* Sources */ = {
			isa = PBXSourcesBuildPhase;
			buildActionMask = 2147483647;
			files = (
				4399CA5D191B369B006491B6 /* HMRAppDelegate.m in Sources */,
				4399CA59191B369B006491B6 /* main.m in Sources */,
				4399CA63191B369B006491B6 /* HMRViewController.m in Sources */,
			);
			runOnlyForDeploymentPostprocessing = 0;
		};
		4399CA66191B369B006491B6 /* Sources */ = {
			isa = PBXSourcesBuildPhase;
			buildActionMask = 2147483647;
			files = (
				4399CA78191B369B006491B6 /* UITableViewController_ChallengeTests.m in Sources */,
			);
			runOnlyForDeploymentPostprocessing = 0;
		};
/* End PBXSourcesBuildPhase section */

/* Begin PBXTargetDependency section */
		4399CA70191B369B006491B6 /* PBXTargetDependency */ = {
			isa = PBXTargetDependency;
			target = 4399CA48191B369B006491B6 /* UITableViewController Challenge */;
			targetProxy = 4399CA6F191B369B006491B6 /* PBXContainerItemProxy */;
		};
/* End PBXTargetDependency section */

/* Begin PBXVariantGroup section */
		4399CA55191B369B006491B6 /* InfoPlist.strings */ = {
			isa = PBXVariantGroup;
			children = (
				4399CA56191B369B006491B6 /* en */,
			);
			name = InfoPlist.strings;
			sourceTree = "<group>";
		};
		4399CA5E191B369B006491B6 /* Main.storyboard */ = {
			isa = PBXVariantGroup;
			children = (
				4399CA5F191B369B006491B6 /* Base */,
			);
			name = Main.storyboard;
			sourceTree = "<group>";
		};
		4399CA74191B369B006491B6 /* InfoPlist.strings */ = {
			isa = PBXVariantGroup;
			children = (
				4399CA75191B369B006491B6 /* en */,
			);
			name = InfoPlist.strings;
			sourceTree = "<group>";
		};
/* End PBXVariantGroup section */

/* Begin XCBuildConfiguration section */
		4399CA79191B369B006491B6 /* Debug */ = {
			isa = XCBuildConfiguration;
			buildSettings = {
				ALWAYS_SEARCH_USER_PATHS = NO;
				CLANG_CXX_LANGUAGE_STANDARD = "gnu++0x";
				CLANG_CXX_LIBRARY = "libc++";
				CLANG_ENABLE_MODULES = YES;
				CLANG_ENABLE_OBJC_ARC = YES;
				CLANG_WARN_BOOL_CONVERSION = YES;
				CLANG_WARN_CONSTANT_CONVERSION = YES;
				CLANG_WARN_DIRECT_OBJC_ISA_USAGE = YES_ERROR;
				CLANG_WARN_EMPTY_BODY = YES;
				CLANG_WARN_ENUM_CONVERSION = YES;
				CLANG_WARN_INT_CONVERSION = YES;
				CLANG_WARN_OBJC_ROOT_CLASS = YES_ERROR;
				CLANG_WARN__DUPLICATE_METHOD_MATCH = YES;
				"CODE_SIGN_IDENTITY[sdk=iphoneos*]" = "iPhone Developer";
				COPY_PHASE_STRIP = NO;
				GCC_C_LANGUAGE_STANDARD = gnu99;
				GCC_DYNAMIC_NO_PIC = NO;
				GCC_OPTIMIZATION_LEVEL = 0;
				GCC_PREPROCESSOR_DEFINITIONS = (
					"DEBUG=1",
					"$(inherited)",
				);
				GCC_SYMBOLS_PRIVATE_EXTERN = NO;
				GCC_WARN_64_TO_32_BIT_CONVERSION = YES;
				GCC_WARN_ABOUT_RETURN_TYPE = YES_ERROR;
				GCC_WARN_UNDECLARED_SELECTOR = YES;
				GCC_WARN_UNINITIALIZED_AUTOS = YES_AGGRESSIVE;
				GCC_WARN_UNUSED_FUNCTION = YES;
				GCC_WARN_UNUSED_VARIABLE = YES;
				IPHONEOS_DEPLOYMENT_TARGET = 7.1;
				ONLY_ACTIVE_ARCH = YES;
				SDKROOT = iphoneos;
			};
			name = Debug;
		};
		4399CA7A191B369B006491B6 /* Release */ = {
			isa = XCBuildConfiguration;
			buildSettings = {
				ALWAYS_SEARCH_USER_PATHS = NO;
				CLANG_CXX_LANGUAGE_STANDARD = "gnu++0x";
				CLANG_CXX_LIBRARY = "libc++";
				CLANG_ENABLE_MODULES = YES;
				CLANG_ENABLE_OBJC_ARC = YES;
				CLANG_WARN_BOOL_CONVERSION = YES;
				CLANG_WARN_CONSTANT_CONVERSION = YES;
				CLANG_WARN_DIRECT_OBJC_ISA_USAGE = YES_ERROR;
				CLANG_WARN_EMPTY_BODY = YES;
				CLANG_WARN_ENUM_CONVERSION = YES;
				CLANG_WARN_INT_CONVERSION = YES;
				CLANG_WARN_OBJC_ROOT_CLASS = YES_ERROR;
				CLANG_WARN__DUPLICATE_METHOD_MATCH = YES;
				"CODE_SIGN_IDENTITY[sdk=iphoneos*]" = "iPhone Developer";
				COPY_PHASE_STRIP = YES;
				ENABLE_NS_ASSERTIONS = NO;
				GCC_C_LANGUAGE_STANDARD = gnu99;
				GCC_WARN_64_TO_32_BIT_CONVERSION = YES;
				GCC_WARN_ABOUT_RETURN_TYPE = YES_ERROR;
				GCC_WARN_UNDECLARED_SELECTOR = YES;
				GCC_WARN_UNINITIALIZED_AUTOS = YES_AGGRESSIVE;
				GCC_WARN_UNUSED_FUNCTION = YES;
				GCC_WARN_UNUSED_VARIABLE = YES;
				IPHONEOS_DEPLOYMENT_TARGET = 7.1;
				SDKROOT = iphoneos;
				VALIDATE_PRODUCT = YES;
			};
			name = Release;
		};
		4399CA7C191B369B006491B6 /* Debug */ = {
			isa = XCBuildConfiguration;
			buildSettings = {
				ASSETCATALOG_COMPILER_APPICON_NAME = AppIcon;
				ASSETCATALOG_COMPILER_LAUNCHIMAGE_NAME = LaunchImage;
				GCC_PRECOMPILE_PREFIX_HEADER = YES;
				GCC_PREFIX_HEADER = "UITableViewController Challenge/UITableViewController Challenge-Prefix.pch";
				INFOPLIST_FILE = "UITableViewController Challenge/UITableViewController Challenge-Info.plist";
				PRODUCT_NAME = "$(TARGET_NAME)";
				WRAPPER_EXTENSION = app;
			};
			name = Debug;
		};
		4399CA7D191B369B006491B6 /* Release */ = {
			isa = XCBuildConfiguration;
			buildSettings = {
				ASSETCATALOG_COMPILER_APPICON_NAME = AppIcon;
				ASSETCATALOG_COMPILER_LAUNCHIMAGE_NAME = LaunchImage;
				GCC_PRECOMPILE_PREFIX_HEADER = YES;
				GCC_PREFIX_HEADER = "UITableViewController Challenge/UITableViewController Challenge-Prefix.pch";
				INFOPLIST_FILE = "UITableViewController Challenge/UITableViewController Challenge-Info.plist";
				PRODUCT_NAME = "$(TARGET_NAME)";
				WRAPPER_EXTENSION = app;
			};
			name = Release;
		};
		4399CA7F191B369B006491B6 /* Debug */ = {
			isa = XCBuildConfiguration;
			buildSettings = {
				BUNDLE_LOADER = "$(BUILT_PRODUCTS_DIR)/UITableViewController Challenge.app/UITableViewController Challenge";
				FRAMEWORK_SEARCH_PATHS = (
					"$(SDKROOT)/Developer/Library/Frameworks",
					"$(inherited)",
					"$(DEVELOPER_FRAMEWORKS_DIR)",
				);
				GCC_PRECOMPILE_PREFIX_HEADER = YES;
				GCC_PREFIX_HEADER = "UITableViewController Challenge/UITableViewController Challenge-Prefix.pch";
				GCC_PREPROCESSOR_DEFINITIONS = (
					"DEBUG=1",
					"$(inherited)",
				);
				INFOPLIST_FILE = "UITableViewController ChallengeTests/UITableViewController ChallengeTests-Info.plist";
				PRODUCT_NAME = "$(TARGET_NAME)";
				TEST_HOST = "$(BUNDLE_LOADER)";
				WRAPPER_EXTENSION = xctest;
			};
			name = Debug;
		};
		4399CA80191B369B006491B6 /* Release */ = {
			isa = XCBuildConfiguration;
			buildSettings = {
				BUNDLE_LOADER = "$(BUILT_PRODUCTS_DIR)/UITableViewController Challenge.app/UITableViewController Challenge";
				FRAMEWORK_SEARCH_PATHS = (
					"$(SDKROOT)/Developer/Library/Frameworks",
					"$(inherited)",
					"$(DEVELOPER_FRAMEWORKS_DIR)",
				);
				GCC_PRECOMPILE_PREFIX_HEADER = YES;
				GCC_PREFIX_HEADER = "UITableViewController Challenge/UITableViewController Challenge-Prefix.pch";
				INFOPLIST_FILE = "UITableViewController ChallengeTests/UITableViewController ChallengeTests-Info.plist";
				PRODUCT_NAME = "$(TARGET_NAME)";
				TEST_HOST = "$(BUNDLE_LOADER)";
				WRAPPER_EXTENSION = xctest;
			};
			name = Release;
		};
/* End XCBuildConfiguration section */

/* Begin XCConfigurationList section */
		4399CA44191B369B006491B6 /* Build configuration list for PBXProject "UITableViewController Challenge" */ = {
			isa = XCConfigurationList;
			buildConfigurations = (
				4399CA79191B369B006491B6 /* Debug */,
				4399CA7A191B369B006491B6 /* Release */,
			);
			defaultConfigurationIsVisible = 0;
			defaultConfigurationName = Release;
		};
		4399CA7B191B369B006491B6 /* Build configuration list for PBXNativeTarget "UITableViewController Challenge" */ = {
			isa = XCConfigurationList;
			buildConfigurations = (
				4399CA7C191B369B006491B6 /* Debug */,
				4399CA7D191B369B006491B6 /* Release */,
			);
			defaultConfigurationIsVisible = 0;
		};
		4399CA7E191B369B006491B6 /* Build configuration list for PBXNativeTarget "UITableViewController ChallengeTests" */ = {
			isa = XCConfigurationList;
			buildConfigurations = (
				4399CA7F191B369B006491B6 /* Debug */,
				4399CA80191B369B006491B6 /* Release */,
			);
			defaultConfigurationIsVisible = 0;
		};
/* End XCConfigurationList section */
	};
	rootObject = 4399CA41191B369B006491B6 /* Project object */;
}
